
Microsoft Visual Studio Solution File, Format Version 12.00
# Visual Studio Version 16
VisualStudioVersion = 16.0.33027.164
MinimumVisualStudioVersion = 10.0.40219.1
Project("{FAE04EC0-301F-11D3-BF4B-00C04F79EFBC}") = "WebAppTutorial", "WebAppTutorial\WebAppTutorial.csproj", "{AF8E656F-DF67-4E21-80E8-762EA436D480}"
EndProject
Global
	GlobalSection(SolutionConfigurationPlatforms) = preSolution
		Debug|Any CPU = Debug|Any CPU
		Release|Any CPU = Release|Any CPU
	EndGlobalSection
	GlobalSection(ProjectConfigurationPlatforms) = postSolution
		{AF8E656F-DF67-4E21-80E8-762EA436D480}.Debug|Any CPU.ActiveCfg = Debug|Any CPU
		{AF8E656F-DF67-4E21-80E8-762EA436D480}.Debug|Any CPU.Build.0 = Debug|Any CPU
		{AF8E656F-DF67-4E21-80E8-762EA436D480}.Release|Any CPU.ActiveCfg = Release|Any CPU
		{AF8E656F-DF67-4E21-80E8-762EA436D480}.Release|Any CPU.Build.0 = Release|Any CPU
	EndGlobalSection
	GlobalSection(SolutionProperties) = preSolution
		HideSolutionNode = FALSE
	EndGlobalSection
	GlobalSection(ExtensibilityGlobals) = postSolution
		SolutionGuid = {1E6AFD13-2D6E-4728-8190-BF701C492EAE}
	EndGlobalSection
EndGlobal
